// !$*UTF8*$!
{
	archiveVersion = 1;
	classes = {
	};
	objectVersion = 56;
	objects = {

/* Begin PBXBuildFile section */
		621B3E072CF65712005B3449 /* CatCountManager.swift in Sources */ = {isa = PBXBuildFile; fileRef = 621B3E062CF65712005B3449 /* CatCountManager.swift */; };
		622A7A8F2D07BFA100864A92 /* ImagesDataService.swift in Sources */ = {isa = PBXBuildFile; fileRef = 622A7A8E2D07BFA100864A92 /* ImagesDataService.swift */; };
		622A7A912D07C6B800864A92 /* SavingImageView.swift in Sources */ = {isa = PBXBuildFile; fileRef = 622A7A902D07C6B800864A92 /* SavingImageView.swift */; };
		6230FFF42D63D86E0005D4AD /* ImageModel.swift in Sources */ = {isa = PBXBuildFile; fileRef = 6230FFF32D63D86E0005D4AD /* ImageModel.swift */; };
		6230FFF62D63E3A70005D4AD /* GalleryViewModel.swift in Sources */ = {isa = PBXBuildFile; fileRef = 6230FFF52D63E3A70005D4AD /* GalleryViewModel.swift */; };
		623DF0C92D51969600008EA8 /* TestingView.swift in Sources */ = {isa = PBXBuildFile; fileRef = 623DF0C82D51969600008EA8 /* TestingView.swift */; };
		624E86A62D62FD470007DE72 /* FullScreenPhotoView.swift in Sources */ = {isa = PBXBuildFile; fileRef = 624E86A52D62FD470007DE72 /* FullScreenPhotoView.swift */; };
		62680F042CF5407F00D3DF86 /* catFinderApp.swift in Sources */ = {isa = PBXBuildFile; fileRef = 62680F032CF5407F00D3DF86 /* catFinderApp.swift */; };
		62680F062CF5407F00D3DF86 /* ContentView.swift in Sources */ = {isa = PBXBuildFile; fileRef = 62680F052CF5407F00D3DF86 /* ContentView.swift */; };
		62680F082CF5408000D3DF86 /* Assets.xcassets in Resources */ = {isa = PBXBuildFile; fileRef = 62680F072CF5408000D3DF86 /* Assets.xcassets */; };
		62680F0B2CF5408000D3DF86 /* Preview Assets.xcassets in Resources */ = {isa = PBXBuildFile; fileRef = 62680F0A2CF5408000D3DF86 /* Preview Assets.xcassets */; };
		62680F162CF540ED00D3DF86 /* StartingView.swift in Sources */ = {isa = PBXBuildFile; fileRef = 62680F152CF540ED00D3DF86 /* StartingView.swift */; };
		62680F192CF543A500D3DF86 /* ThirdDimensional.swift in Sources */ = {isa = PBXBuildFile; fileRef = 62680F182CF543A500D3DF86 /* ThirdDimensional.swift */; };
		62680F1B2CF547B600D3DF86 /* RandomizerView.swift in Sources */ = {isa = PBXBuildFile; fileRef = 62680F1A2CF547B600D3DF86 /* RandomizerView.swift */; };
		62680F1D2CF547CF00D3DF86 /* RandomizerViewModel.swift in Sources */ = {isa = PBXBuildFile; fileRef = 62680F1C2CF547CF00D3DF86 /* RandomizerViewModel.swift */; };
		62680F212CF548C400D3DF86 /* CatModel.swift in Sources */ = {isa = PBXBuildFile; fileRef = 62680F202CF548C400D3DF86 /* CatModel.swift */; };
		62B7A98A2CFBDCBC00BA8DFC /* Gallery.swift in Sources */ = {isa = PBXBuildFile; fileRef = 62B7A9892CFBDCBC00BA8DFC /* Gallery.swift */; };
/* End PBXBuildFile section */

/* Begin PBXFileReference section */
		621B3E062CF65712005B3449 /* CatCountManager.swift */ = {isa = PBXFileReference; lastKnownFileType = sourcecode.swift; path = CatCountManager.swift; sourceTree = "<group>"; };
		622A7A8E2D07BFA100864A92 /* ImagesDataService.swift */ = {isa = PBXFileReference; lastKnownFileType = sourcecode.swift; path = ImagesDataService.swift; sourceTree = "<group>"; };
		622A7A902D07C6B800864A92 /* SavingImageView.swift */ = {isa = PBXFileReference; lastKnownFileType = sourcecode.swift; path = SavingImageView.swift; sourceTree = "<group>"; };
		6230FFF32D63D86E0005D4AD /* ImageModel.swift */ = {isa = PBXFileReference; lastKnownFileType = sourcecode.swift; path = ImageModel.swift; sourceTree = "<group>"; };
		6230FFF52D63E3A70005D4AD /* GalleryViewModel.swift */ = {isa = PBXFileReference; lastKnownFileType = sourcecode.swift; path = GalleryViewModel.swift; sourceTree = "<group>"; };
		623DF0C82D51969600008EA8 /* TestingView.swift */ = {isa = PBXFileReference; lastKnownFileType = sourcecode.swift; path = TestingView.swift; sourceTree = "<group>"; };
		624E86A52D62FD470007DE72 /* FullScreenPhotoView.swift */ = {isa = PBXFileReference; lastKnownFileType = sourcecode.swift; path = FullScreenPhotoView.swift; sourceTree = "<group>"; };
		62680F002CF5407F00D3DF86 /* modeladoapp.app */ = {isa = PBXFileReference; explicitFileType = wrapper.application; includeInIndex = 0; path = modeladoapp.app; sourceTree = BUILT_PRODUCTS_DIR; };
		62680F032CF5407F00D3DF86 /* catFinderApp.swift */ = {isa = PBXFileReference; lastKnownFileType = sourcecode.swift; path = catFinderApp.swift; sourceTree = "<group>"; };
		62680F052CF5407F00D3DF86 /* ContentView.swift */ = {isa = PBXFileReference; lastKnownFileType = sourcecode.swift; path = ContentView.swift; sourceTree = "<group>"; };
		62680F072CF5408000D3DF86 /* Assets.xcassets */ = {isa = PBXFileReference; lastKnownFileType = folder.assetcatalog; path = Assets.xcassets; sourceTree = "<group>"; };
		62680F0A2CF5408000D3DF86 /* Preview Assets.xcassets */ = {isa = PBXFileReference; lastKnownFileType = folder.assetcatalog; path = "Preview Assets.xcassets"; sourceTree = "<group>"; };
		62680F152CF540ED00D3DF86 /* StartingView.swift */ = {isa = PBXFileReference; lastKnownFileType = sourcecode.swift; path = StartingView.swift; sourceTree = "<group>"; };
		62680F182CF543A500D3DF86 /* ThirdDimensional.swift */ = {isa = PBXFileReference; lastKnownFileType = sourcecode.swift; path = ThirdDimensional.swift; sourceTree = "<group>"; };
		62680F1A2CF547B600D3DF86 /* RandomizerView.swift */ = {isa = PBXFileReference; lastKnownFileType = sourcecode.swift; path = RandomizerView.swift; sourceTree = "<group>"; };
		62680F1C2CF547CF00D3DF86 /* RandomizerViewModel.swift */ = {isa = PBXFileReference; lastKnownFileType = sourcecode.swift; path = RandomizerViewModel.swift; sourceTree = "<group>"; };
		62680F202CF548C400D3DF86 /* CatModel.swift */ = {isa = PBXFileReference; lastKnownFileType = sourcecode.swift; path = CatModel.swift; sourceTree = "<group>"; };
		62B7A9892CFBDCBC00BA8DFC /* Gallery.swift */ = {isa = PBXFileReference; lastKnownFileType = sourcecode.swift; path = Gallery.swift; sourceTree = "<group>"; };
/* End PBXFileReference section */

/* Begin PBXFrameworksBuildPhase section */
		62680EFD2CF5407F00D3DF86 /* Frameworks */ = {
			isa = PBXFrameworksBuildPhase;
			buildActionMask = 2147483647;
			files = (
			);
			runOnlyForDeploymentPostprocessing = 0;
		};
/* End PBXFrameworksBuildPhase section */

/* Begin PBXGroup section */
		62680EF72CF5407F00D3DF86 = {
			isa = PBXGroup;
			children = (
				62680F022CF5407F00D3DF86 /* catFinder */,
				62680F012CF5407F00D3DF86 /* Products */,
			);
			sourceTree = "<group>";
		};
		62680F012CF5407F00D3DF86 /* Products */ = {
			isa = PBXGroup;
			children = (
				62680F002CF5407F00D3DF86 /* modeladoapp.app */,
			);
			name = Products;
			sourceTree = "<group>";
		};
		62680F022CF5407F00D3DF86 /* catFinder */ = {
			isa = PBXGroup;
			children = (
				62680F032CF5407F00D3DF86 /* catFinderApp.swift */,
				62680F052CF5407F00D3DF86 /* ContentView.swift */,
				62680F142CF540D800D3DF86 /* Utilities */,
				62680F1F2CF548B600D3DF86 /* Models */,
				62680F112CF5408C00D3DF86 /* ViewModels */,
				62680F132CF540C700D3DF86 /* Views */,
				62680F072CF5408000D3DF86 /* Assets.xcassets */,
				62680F092CF5408000D3DF86 /* Preview Content */,
			);
			path = catFinder;
			sourceTree = "<group>";
		};
		62680F092CF5408000D3DF86 /* Preview Content */ = {
			isa = PBXGroup;
			children = (
				62680F0A2CF5408000D3DF86 /* Preview Assets.xcassets */,
			);
			path = "Preview Content";
			sourceTree = "<group>";
		};
		62680F112CF5408C00D3DF86 /* ViewModels */ = {
			isa = PBXGroup;
			children = (
				62680F1C2CF547CF00D3DF86 /* RandomizerViewModel.swift */,
				6230FFF52D63E3A70005D4AD /* GalleryViewModel.swift */,
			);
			path = ViewModels;
			sourceTree = "<group>";
		};
		62680F132CF540C700D3DF86 /* Views */ = {
			isa = PBXGroup;
			children = (
				62680F152CF540ED00D3DF86 /* StartingView.swift */,
				62680F1A2CF547B600D3DF86 /* RandomizerView.swift */,
				62B7A9892CFBDCBC00BA8DFC /* Gallery.swift */,
				624E86A52D62FD470007DE72 /* FullScreenPhotoView.swift */,
				622A7A902D07C6B800864A92 /* SavingImageView.swift */,
				623DF0C82D51969600008EA8 /* TestingView.swift */,
			);
			path = Views;
			sourceTree = "<group>";
		};
		62680F142CF540D800D3DF86 /* Utilities */ = {
			isa = PBXGroup;
			children = (
				62680F182CF543A500D3DF86 /* ThirdDimensional.swift */,
				621B3E062CF65712005B3449 /* CatCountManager.swift */,
				622A7A8E2D07BFA100864A92 /* ImagesDataService.swift */,
			);
			path = Utilities;
			sourceTree = "<group>";
		};
		62680F1F2CF548B600D3DF86 /* Models */ = {
			isa = PBXGroup;
			children = (
				62680F202CF548C400D3DF86 /* CatModel.swift */,
				6230FFF32D63D86E0005D4AD /* ImageModel.swift */,
			);
			path = Models;
			sourceTree = "<group>";
		};
/* End PBXGroup section */

/* Begin PBXNativeTarget section */
		62680EFF2CF5407F00D3DF86 /* modeladoapp */ = {
			isa = PBXNativeTarget;
			buildConfigurationList = 62680F0E2CF5408000D3DF86 /* Build configuration list for PBXNativeTarget "modeladoapp" */;
			buildPhases = (
				62680EFC2CF5407F00D3DF86 /* Sources */,
				62680EFD2CF5407F00D3DF86 /* Frameworks */,
				62680EFE2CF5407F00D3DF86 /* Resources */,
			);
			buildRules = (
			);
			dependencies = (
			);
			name = modeladoapp;
			productName = modeladoapp;
			productReference = 62680F002CF5407F00D3DF86 /* modeladoapp.app */;
			productType = "com.apple.product-type.application";
		};
/* End PBXNativeTarget section */

/* Begin PBXProject section */
		62680EF82CF5407F00D3DF86 /* Project object */ = {
			isa = PBXProject;
			attributes = {
				BuildIndependentTargetsInParallel = 1;
				LastSwiftUpdateCheck = 1540;
				LastUpgradeCheck = 1540;
				TargetAttributes = {
					62680EFF2CF5407F00D3DF86 = {
						CreatedOnToolsVersion = 15.4;
					};
				};
			};
			buildConfigurationList = 62680EFB2CF5407F00D3DF86 /* Build configuration list for PBXProject "catFinder" */;
			compatibilityVersion = "Xcode 14.0";
			developmentRegion = en;
			hasScannedForEncodings = 0;
			knownRegions = (
				en,
				Base,
			);
			mainGroup = 62680EF72CF5407F00D3DF86;
			productRefGroup = 62680F012CF5407F00D3DF86 /* Products */;
			projectDirPath = "";
			projectRoot = "";
			targets = (
				62680EFF2CF5407F00D3DF86 /* modeladoapp */,
			);
		};
/* End PBXProject section */

/* Begin PBXResourcesBuildPhase section */
		62680EFE2CF5407F00D3DF86 /* Resources */ = {
			isa = PBXResourcesBuildPhase;
			buildActionMask = 2147483647;
			files = (
				62680F0B2CF5408000D3DF86 /* Preview Assets.xcassets in Resources */,
				62680F082CF5408000D3DF86 /* Assets.xcassets in Resources */,
			);
			runOnlyForDeploymentPostprocessing = 0;
		};
/* End PBXResourcesBuildPhase section */

/* Begin PBXSourcesBuildPhase section */
		62680EFC2CF5407F00D3DF86 /* Sources */ = {
			isa = PBXSourcesBuildPhase;
			buildActionMask = 2147483647;
			files = (
				62680F162CF540ED00D3DF86 /* StartingView.swift in Sources */,
				6230FFF62D63E3A70005D4AD /* GalleryViewModel.swift in Sources */,
				62B7A98A2CFBDCBC00BA8DFC /* Gallery.swift in Sources */,
				62680F062CF5407F00D3DF86 /* ContentView.swift in Sources */,
				62680F042CF5407F00D3DF86 /* catFinderApp.swift in Sources */,
				62680F1D2CF547CF00D3DF86 /* RandomizerViewModel.swift in Sources */,
				623DF0C92D51969600008EA8 /* TestingView.swift in Sources */,
				621B3E072CF65712005B3449 /* CatCountManager.swift in Sources */,
				624E86A62D62FD470007DE72 /* FullScreenPhotoView.swift in Sources */,
				62680F192CF543A500D3DF86 /* ThirdDimensional.swift in Sources */,
				622A7A8F2D07BFA100864A92 /* ImagesDataService.swift in Sources */,
				622A7A912D07C6B800864A92 /* SavingImageView.swift in Sources */,
				62680F1B2CF547B600D3DF86 /* RandomizerView.swift in Sources */,
				62680F212CF548C400D3DF86 /* CatModel.swift in Sources */,
				6230FFF42D63D86E0005D4AD /* ImageModel.swift in Sources */,
			);
			runOnlyForDeploymentPostprocessing = 0;
		};
/* End PBXSourcesBuildPhase section */

/* Begin XCBuildConfiguration section */
		62680F0C2CF5408000D3DF86 /* Debug */ = {
			isa = XCBuildConfiguration;
			buildSettings = {
				ALWAYS_SEARCH_USER_PATHS = NO;
				ASSETCATALOG_COMPILER_GENERATE_SWIFT_ASSET_SYMBOL_EXTENSIONS = YES;
				CLANG_ANALYZER_NONNULL = YES;
				CLANG_ANALYZER_NUMBER_OBJECT_CONVERSION = YES_AGGRESSIVE;
				CLANG_CXX_LANGUAGE_STANDARD = "gnu++20";
				CLANG_ENABLE_MODULES = YES;
				CLANG_ENABLE_OBJC_ARC = YES;
				CLANG_ENABLE_OBJC_WEAK = YES;
				CLANG_WARN_BLOCK_CAPTURE_AUTORELEASING = YES;
				CLANG_WARN_BOOL_CONVERSION = YES;
				CLANG_WARN_COMMA = YES;
				CLANG_WARN_CONSTANT_CONVERSION = YES;
				CLANG_WARN_DEPRECATED_OBJC_IMPLEMENTATIONS = YES;
				CLANG_WARN_DIRECT_OBJC_ISA_USAGE = YES_ERROR;
				CLANG_WARN_DOCUMENTATION_COMMENTS = YES;
				CLANG_WARN_EMPTY_BODY = YES;
				CLANG_WARN_ENUM_CONVERSION = YES;
				CLANG_WARN_INFINITE_RECURSION = YES;
				CLANG_WARN_INT_CONVERSION = YES;
				CLANG_WARN_NON_LITERAL_NULL_CONVERSION = YES;
				CLANG_WARN_OBJC_IMPLICIT_RETAIN_SELF = YES;
				CLANG_WARN_OBJC_LITERAL_CONVERSION = YES;
				CLANG_WARN_OBJC_ROOT_CLASS = YES_ERROR;
				CLANG_WARN_QUOTED_INCLUDE_IN_FRAMEWORK_HEADER = YES;
				CLANG_WARN_RANGE_LOOP_ANALYSIS = YES;
				CLANG_WARN_STRICT_PROTOTYPES = YES;
				CLANG_WARN_SUSPICIOUS_MOVE = YES;
				CLANG_WARN_UNGUARDED_AVAILABILITY = YES_AGGRESSIVE;
				CLANG_WARN_UNREACHABLE_CODE = YES;
				CLANG_WARN__DUPLICATE_METHOD_MATCH = YES;
				COPY_PHASE_STRIP = NO;
				DEBUG_INFORMATION_FORMAT = dwarf;
				ENABLE_STRICT_OBJC_MSGSEND = YES;
				ENABLE_TESTABILITY = YES;
				ENABLE_USER_SCRIPT_SANDBOXING = YES;
				GCC_C_LANGUAGE_STANDARD = gnu17;
				GCC_DYNAMIC_NO_PIC = NO;
				GCC_NO_COMMON_BLOCKS = YES;
				GCC_OPTIMIZATION_LEVEL = 0;
				GCC_PREPROCESSOR_DEFINITIONS = (
					"DEBUG=1",
					"$(inherited)",
				);
				GCC_WARN_64_TO_32_BIT_CONVERSION = YES;
				GCC_WARN_ABOUT_RETURN_TYPE = YES_ERROR;
				GCC_WARN_UNDECLARED_SELECTOR = YES;
				GCC_WARN_UNINITIALIZED_AUTOS = YES_AGGRESSIVE;
				GCC_WARN_UNUSED_FUNCTION = YES;
				GCC_WARN_UNUSED_VARIABLE = YES;
				IPHONEOS_DEPLOYMENT_TARGET = 17.5;
				LOCALIZATION_PREFERS_STRING_CATALOGS = YES;
				MTL_ENABLE_DEBUG_INFO = INCLUDE_SOURCE;
				MTL_FAST_MATH = YES;
				ONLY_ACTIVE_ARCH = YES;
				SDKROOT = iphoneos;
				SWIFT_ACTIVE_COMPILATION_CONDITIONS = "DEBUG $(inherited)";
				SWIFT_OPTIMIZATION_LEVEL = "-Onone";
			};
			name = Debug;
		};
		62680F0D2CF5408000D3DF86 /* Release */ = {
			isa = XCBuildConfiguration;
			buildSettings = {
				ALWAYS_SEARCH_USER_PATHS = NO;
				ASSETCATALOG_COMPILER_GENERATE_SWIFT_ASSET_SYMBOL_EXTENSIONS = YES;
				CLANG_ANALYZER_NONNULL = YES;
				CLANG_ANALYZER_NUMBER_OBJECT_CONVERSION = YES_AGGRESSIVE;
				CLANG_CXX_LANGUAGE_STANDARD = "gnu++20";
				CLANG_ENABLE_MODULES = YES;
				CLANG_ENABLE_OBJC_ARC = YES;
				CLANG_ENABLE_OBJC_WEAK = YES;
				CLANG_WARN_BLOCK_CAPTURE_AUTORELEASING = YES;
				CLANG_WARN_BOOL_CONVERSION = YES;
				CLANG_WARN_COMMA = YES;
				CLANG_WARN_CONSTANT_CONVERSION = YES;
				CLANG_WARN_DEPRECATED_OBJC_IMPLEMENTATIONS = YES;
				CLANG_WARN_DIRECT_OBJC_ISA_USAGE = YES_ERROR;
				CLANG_WARN_DOCUMENTATION_COMMENTS = YES;
				CLANG_WARN_EMPTY_BODY = YES;
				CLANG_WARN_ENUM_CONVERSION = YES;
				CLANG_WARN_INFINITE_RECURSION = YES;
				CLANG_WARN_INT_CONVERSION = YES;
				CLANG_WARN_NON_LITERAL_NULL_CONVERSION = YES;
				CLANG_WARN_OBJC_IMPLICIT_RETAIN_SELF = YES;
				CLANG_WARN_OBJC_LITERAL_CONVERSION = YES;
				CLANG_WARN_OBJC_ROOT_CLASS = YES_ERROR;
				CLANG_WARN_QUOTED_INCLUDE_IN_FRAMEWORK_HEADER = YES;
				CLANG_WARN_RANGE_LOOP_ANALYSIS = YES;
				CLANG_WARN_STRICT_PROTOTYPES = YES;
				CLANG_WARN_SUSPICIOUS_MOVE = YES;
				CLANG_WARN_UNGUARDED_AVAILABILITY = YES_AGGRESSIVE;
				CLANG_WARN_UNREACHABLE_CODE = YES;
				CLANG_WARN__DUPLICATE_METHOD_MATCH = YES;
				COPY_PHASE_STRIP = NO;
				DEBUG_INFORMATION_FORMAT = "dwarf-with-dsym";
				ENABLE_NS_ASSERTIONS = NO;
				ENABLE_STRICT_OBJC_MSGSEND = YES;
				ENABLE_USER_SCRIPT_SANDBOXING = YES;
				GCC_C_LANGUAGE_STANDARD = gnu17;
				GCC_NO_COMMON_BLOCKS = YES;
				GCC_WARN_64_TO_32_BIT_CONVERSION = YES;
				GCC_WARN_ABOUT_RETURN_TYPE = YES_ERROR;
				GCC_WARN_UNDECLARED_SELECTOR = YES;
				GCC_WARN_UNINITIALIZED_AUTOS = YES_AGGRESSIVE;
				GCC_WARN_UNUSED_FUNCTION = YES;
				GCC_WARN_UNUSED_VARIABLE = YES;
				IPHONEOS_DEPLOYMENT_TARGET = 17.5;
				LOCALIZATION_PREFERS_STRING_CATALOGS = YES;
				MTL_ENABLE_DEBUG_INFO = NO;
				MTL_FAST_MATH = YES;
				SDKROOT = iphoneos;
				SWIFT_COMPILATION_MODE = wholemodule;
				VALIDATE_PRODUCT = YES;
			};
			name = Release;
		};
		62680F0F2CF5408000D3DF86 /* Debug */ = {
			isa = XCBuildConfiguration;
			buildSettings = {
				ASSETCATALOG_COMPILER_APPICON_NAME = AppIcon;
				ASSETCATALOG_COMPILER_GLOBAL_ACCENT_COLOR_NAME = AccentColor;
				CODE_SIGN_STYLE = Automatic;
				CURRENT_PROJECT_VERSION = 1;
				DEVELOPMENT_ASSET_PATHS = "\"catFinder/Preview Content\"";
				ENABLE_PREVIEWS = YES;
				GENERATE_INFOPLIST_FILE = YES;
				INFOPLIST_KEY_UIApplicationSceneManifest_Generation = YES;
				INFOPLIST_KEY_UIApplicationSupportsIndirectInputEvents = YES;
				INFOPLIST_KEY_UILaunchScreen_Generation = YES;
				INFOPLIST_KEY_UISupportedInterfaceOrientations_iPad = "UIInterfaceOrientationPortrait UIInterfaceOrientationPortraitUpsideDown UIInterfaceOrientationLandscapeLeft UIInterfaceOrientationLandscapeRight";
				INFOPLIST_KEY_UISupportedInterfaceOrientations_iPhone = "UIInterfaceOrientationPortrait UIInterfaceOrientationLandscapeLeft UIInterfaceOrientationLandscapeRight";
				LD_RUNPATH_SEARCH_PATHS = (
					"$(inherited)",
					"@executable_path/Frameworks",
				);
				MARKETING_VERSION = 1.0;
				PRODUCT_BUNDLE_IDENTIFIER = com.roberto.modeladoapp;
				PRODUCT_NAME = "$(TARGET_NAME)";
				SWIFT_EMIT_LOC_STRINGS = YES;
				SWIFT_VERSION = 5.0;
				TARGETED_DEVICE_FAMILY = "1,2";
			};
			name = Debug;
		};
		62680F102CF5408000D3DF86 /* Release */ = {
			isa = XCBuildConfiguration;
			buildSettings = {
				ASSETCATALOG_COMPILER_APPICON_NAME = AppIcon;
				ASSETCATALOG_COMPILER_GLOBAL_ACCENT_COLOR_NAME = AccentColor;
				CODE_SIGN_STYLE = Automatic;
				CURRENT_PROJECT_VERSION = 1;
				DEVELOPMENT_ASSET_PATHS = "\"catFinder/Preview Content\"";
				ENABLE_PREVIEWS = YES;
				GENERATE_INFOPLIST_FILE = YES;
				INFOPLIST_KEY_UIApplicationSceneManifest_Generation = YES;
				INFOPLIST_KEY_UIApplicationSupportsIndirectInputEvents = YES;
				INFOPLIST_KEY_UILaunchScreen_Generation = YES;
				INFOPLIST_KEY_UISupportedInterfaceOrientations_iPad = "UIInterfaceOrientationPortrait UIInterfaceOrientationPortraitUpsideDown UIInterfaceOrientationLandscapeLeft UIInterfaceOrientationLandscapeRight";
				INFOPLIST_KEY_UISupportedInterfaceOrientations_iPhone = "UIInterfaceOrientationPortrait UIInterfaceOrientationLandscapeLeft UIInterfaceOrientationLandscapeRight";
				LD_RUNPATH_SEARCH_PATHS = (
					"$(inherited)",
					"@executable_path/Frameworks",
				);
				MARKETING_VERSION = 1.0;
				PRODUCT_BUNDLE_IDENTIFIER = com.roberto.modeladoapp;
				PRODUCT_NAME = "$(TARGET_NAME)";
				SWIFT_EMIT_LOC_STRINGS = YES;
				SWIFT_VERSION = 5.0;
				TARGETED_DEVICE_FAMILY = "1,2";
			};
			name = Release;
		};
/* End XCBuildConfiguration section */

/* Begin XCConfigurationList section */
		62680EFB2CF5407F00D3DF86 /* Build configuration list for PBXProject "catFinder" */ = {
			isa = XCConfigurationList;
			buildConfigurations = (
				62680F0C2CF5408000D3DF86 /* Debug */,
				62680F0D2CF5408000D3DF86 /* Release */,
			);
			defaultConfigurationIsVisible = 0;
			defaultConfigurationName = Release;
		};
		62680F0E2CF5408000D3DF86 /* Build configuration list for PBXNativeTarget "modeladoapp" */ = {
			isa = XCConfigurationList;
			buildConfigurations = (
				62680F0F2CF5408000D3DF86 /* Debug */,
				62680F102CF5408000D3DF86 /* Release */,
			);
			defaultConfigurationIsVisible = 0;
			defaultConfigurationName = Release;
		};
/* End XCConfigurationList section */
	};
	rootObject = 62680EF82CF5407F00D3DF86 /* Project object */;
}
